// !$*UTF8*$!
{
	archiveVersion = 1;
	classes = {
	};
	objectVersion = 50;
	objects = {

/* Begin PBXBuildFile section */
		2AE07CDE261AD10C00309400 /* AppDelegate.swift in Sources */ = {isa = PBXBuildFile; fileRef = 2AE07CDD261AD10C00309400 /* AppDelegate.swift */; };
		2AE07CE0261AD10C00309400 /* SceneDelegate.swift in Sources */ = {isa = PBXBuildFile; fileRef = 2AE07CDF261AD10C00309400 /* SceneDelegate.swift */; };
		2AE07CE2261AD10C00309400 /* ViewController.swift in Sources */ = {isa = PBXBuildFile; fileRef = 2AE07CE1261AD10C00309400 /* ViewController.swift */; };
		2AE07CE5261AD10C00309400 /* Main.storyboard in Resources */ = {isa = PBXBuildFile; fileRef = 2AE07CE3261AD10C00309400 /* Main.storyboard */; };
		2AE07CE7261AD11000309400 /* Assets.xcassets in Resources */ = {isa = PBXBuildFile; fileRef = 2AE07CE6261AD11000309400 /* Assets.xcassets */; };
		2AE07CEA261AD11000309400 /* LaunchScreen.storyboard in Resources */ = {isa = PBXBuildFile; fileRef = 2AE07CE8261AD11000309400 /* LaunchScreen.storyboard */; };
		2AE07CF5261AD11000309400 /* CameraAppTests.swift in Sources */ = {isa = PBXBuildFile; fileRef = 2AE07CF4261AD11000309400 /* CameraAppTests.swift */; };
		2AE07D00261AD11000309400 /* CameraAppUITests.swift in Sources */ = {isa = PBXBuildFile; fileRef = 2AE07CFF261AD11000309400 /* CameraAppUITests.swift */; };
/* End PBXBuildFile section */

/* Begin PBXContainerItemProxy section */
		2AE07CF1261AD11000309400 /* PBXContainerItemProxy */ = {
			isa = PBXContainerItemProxy;
			containerPortal = 2AE07CD2261AD10C00309400 /* Project object */;
			proxyType = 1;
			remoteGlobalIDString = 2AE07CD9261AD10C00309400;
			remoteInfo = CameraApp;
		};
		2AE07CFC261AD11000309400 /* PBXContainerItemProxy */ = {
			isa = PBXContainerItemProxy;
			containerPortal = 2AE07CD2261AD10C00309400 /* Project object */;
			proxyType = 1;
			remoteGlobalIDString = 2AE07CD9261AD10C00309400;
			remoteInfo = CameraApp;
		};
/* End PBXContainerItemProxy section */

/* Begin PBXFileReference section */
		2AE07CDA261AD10C00309400 /* CameraApp.app */ = {isa = PBXFileReference; explicitFileType = wrapper.application; includeInIndex = 0; path = CameraApp.app; sourceTree = BUILT_PRODUCTS_DIR; };
		2AE07CDD261AD10C00309400 /* AppDelegate.swift */ = {isa = PBXFileReference; lastKnownFileType = sourcecode.swift; path = AppDelegate.swift; sourceTree = "<group>"; };
		2AE07CDF261AD10C00309400 /* SceneDelegate.swift */ = {isa = PBXFileReference; lastKnownFileType = sourcecode.swift; path = SceneDelegate.swift; sourceTree = "<group>"; };
		2AE07CE1261AD10C00309400 /* ViewController.swift */ = {isa = PBXFileReference; lastKnownFileType = sourcecode.swift; path = ViewController.swift; sourceTree = "<group>"; };
		2AE07CE4261AD10C00309400 /* Base */ = {isa = PBXFileReference; lastKnownFileType = file.storyboard; name = Base; path = Base.lproj/Main.storyboard; sourceTree = "<group>"; };
		2AE07CE6261AD11000309400 /* Assets.xcassets */ = {isa = PBXFileReference; lastKnownFileType = folder.assetcatalog; path = Assets.xcassets; sourceTree = "<group>"; };
		2AE07CE9261AD11000309400 /* Base */ = {isa = PBXFileReference; lastKnownFileType = file.storyboard; name = Base; path = Base.lproj/LaunchScreen.storyboard; sourceTree = "<group>"; };
		2AE07CEB261AD11000309400 /* Info.plist */ = {isa = PBXFileReference; lastKnownFileType = text.plist.xml; path = Info.plist; sourceTree = "<group>"; };
		2AE07CF0261AD11000309400 /* CameraAppTests.xctest */ = {isa = PBXFileReference; explicitFileType = wrapper.cfbundle; includeInIndex = 0; path = CameraAppTests.xctest; sourceTree = BUILT_PRODUCTS_DIR; };
		2AE07CF4261AD11000309400 /* CameraAppTests.swift */ = {isa = PBXFileReference; lastKnownFileType = sourcecode.swift; path = CameraAppTests.swift; sourceTree = "<group>"; };
		2AE07CF6261AD11000309400 /* Info.plist */ = {isa = PBXFileReference; lastKnownFileType = text.plist.xml; path = Info.plist; sourceTree = "<group>"; };
		2AE07CFB261AD11000309400 /* CameraAppUITests.xctest */ = {isa = PBXFileReference; explicitFileType = wrapper.cfbundle; includeInIndex = 0; path = CameraAppUITests.xctest; sourceTree = BUILT_PRODUCTS_DIR; };
		2AE07CFF261AD11000309400 /* CameraAppUITests.swift */ = {isa = PBXFileReference; lastKnownFileType = sourcecode.swift; path = CameraAppUITests.swift; sourceTree = "<group>"; };
		2AE07D01261AD11000309400 /* Info.plist */ = {isa = PBXFileReference; lastKnownFileType = text.plist.xml; path = Info.plist; sourceTree = "<group>"; };
/* End PBXFileReference section */

/* Begin PBXFrameworksBuildPhase section */
		2AE07CD7261AD10C00309400 /* Frameworks */ = {
			isa = PBXFrameworksBuildPhase;
			buildActionMask = 2147483647;
			files = (
			);
			runOnlyForDeploymentPostprocessing = 0;
		};
		2AE07CED261AD11000309400 /* Frameworks */ = {
			isa = PBXFrameworksBuildPhase;
			buildActionMask = 2147483647;
			files = (
			);
			runOnlyForDeploymentPostprocessing = 0;
		};
		2AE07CF8261AD11000309400 /* Frameworks */ = {
			isa = PBXFrameworksBuildPhase;
			buildActionMask = 2147483647;
			files = (
			);
			runOnlyForDeploymentPostprocessing = 0;
		};
/* End PBXFrameworksBuildPhase section */

/* Begin PBXGroup section */
		2AE07CD1261AD10C00309400 = {
			isa = PBXGroup;
			children = (
				2AE07CDC261AD10C00309400 /* CameraApp */,
				2AE07CF3261AD11000309400 /* CameraAppTests */,
				2AE07CFE261AD11000309400 /* CameraAppUITests */,
				2AE07CDB261AD10C00309400 /* Products */,
			);
			sourceTree = "<group>";
		};
		2AE07CDB261AD10C00309400 /* Products */ = {
			isa = PBXGroup;
			children = (
				2AE07CDA261AD10C00309400 /* CameraApp.app */,
				2AE07CF0261AD11000309400 /* CameraAppTests.xctest */,
				2AE07CFB261AD11000309400 /* CameraAppUITests.xctest */,
			);
			name = Products;
			sourceTree = "<group>";
		};
		2AE07CDC261AD10C00309400 /* CameraApp */ = {
			isa = PBXGroup;
			children = (
				2AE07CDD261AD10C00309400 /* AppDelegate.swift */,
				2AE07CDF261AD10C00309400 /* SceneDelegate.swift */,
				2AE07CE1261AD10C00309400 /* ViewController.swift */,
				2AE07CE3261AD10C00309400 /* Main.storyboard */,
				2AE07CE6261AD11000309400 /* Assets.xcassets */,
				2AE07CE8261AD11000309400 /* LaunchScreen.storyboard */,
				2AE07CEB261AD11000309400 /* Info.plist */,
			);
			path = CameraApp;
			sourceTree = "<group>";
		};
		2AE07CF3261AD11000309400 /* CameraAppTests */ = {
			isa = PBXGroup;
			children = (
				2AE07CF4261AD11000309400 /* CameraAppTests.swift */,
				2AE07CF6261AD11000309400 /* Info.plist */,
			);
			path = CameraAppTests;
			sourceTree = "<group>";
		};
		2AE07CFE261AD11000309400 /* CameraAppUITests */ = {
			isa = PBXGroup;
			children = (
				2AE07CFF261AD11000309400 /* CameraAppUITests.swift */,
				2AE07D01261AD11000309400 /* Info.plist */,
			);
			path = CameraAppUITests;
			sourceTree = "<group>";
		};
/* End PBXGroup section */

/* Begin PBXNativeTarget section */
		2AE07CD9261AD10C00309400 /* CameraApp */ = {
			isa = PBXNativeTarget;
			buildConfigurationList = 2AE07D04261AD11000309400 /* Build configuration list for PBXNativeTarget "CameraApp" */;
			buildPhases = (
				2AE07CD6261AD10C00309400 /* Sources */,
				2AE07CD7261AD10C00309400 /* Frameworks */,
				2AE07CD8261AD10C00309400 /* Resources */,
			);
			buildRules = (
			);
			dependencies = (
			);
			name = CameraApp;
			productName = CameraApp;
			productReference = 2AE07CDA261AD10C00309400 /* CameraApp.app */;
			productType = "com.apple.product-type.application";
		};
		2AE07CEF261AD11000309400 /* CameraAppTests */ = {
			isa = PBXNativeTarget;
			buildConfigurationList = 2AE07D07261AD11000309400 /* Build configuration list for PBXNativeTarget "CameraAppTests" */;
			buildPhases = (
				2AE07CEC261AD11000309400 /* Sources */,
				2AE07CED261AD11000309400 /* Frameworks */,
				2AE07CEE261AD11000309400 /* Resources */,
			);
			buildRules = (
			);
			dependencies = (
				2AE07CF2261AD11000309400 /* PBXTargetDependency */,
			);
			name = CameraAppTests;
			productName = CameraAppTests;
			productReference = 2AE07CF0261AD11000309400 /* CameraAppTests.xctest */;
			productType = "com.apple.product-type.bundle.unit-test";
		};
		2AE07CFA261AD11000309400 /* CameraAppUITests */ = {
			isa = PBXNativeTarget;
			buildConfigurationList = 2AE07D0A261AD11000309400 /* Build configuration list for PBXNativeTarget "CameraAppUITests" */;
			buildPhases = (
				2AE07CF7261AD11000309400 /* Sources */,
				2AE07CF8261AD11000309400 /* Frameworks */,
				2AE07CF9261AD11000309400 /* Resources */,
			);
			buildRules = (
			);
			dependencies = (
				2AE07CFD261AD11000309400 /* PBXTargetDependency */,
			);
			name = CameraAppUITests;
			productName = CameraAppUITests;
			productReference = 2AE07CFB261AD11000309400 /* CameraAppUITests.xctest */;
			productType = "com.apple.product-type.bundle.ui-testing";
		};
/* End PBXNativeTarget section */

/* Begin PBXProject section */
		2AE07CD2261AD10C00309400 /* Project object */ = {
			isa = PBXProject;
			attributes = {
				LastSwiftUpdateCheck = 1240;
				LastUpgradeCheck = 1240;
				TargetAttributes = {
					2AE07CD9261AD10C00309400 = {
						CreatedOnToolsVersion = 12.4;
					};
					2AE07CEF261AD11000309400 = {
						CreatedOnToolsVersion = 12.4;
						TestTargetID = 2AE07CD9261AD10C00309400;
					};
					2AE07CFA261AD11000309400 = {
						CreatedOnToolsVersion = 12.4;
						TestTargetID = 2AE07CD9261AD10C00309400;
					};
				};
			};
			buildConfigurationList = 2AE07CD5261AD10C00309400 /* Build configuration list for PBXProject "CameraApp" */;
			compatibilityVersion = "Xcode 9.3";
			developmentRegion = en;
			hasScannedForEncodings = 0;
			knownRegions = (
				en,
				Base,
			);
			mainGroup = 2AE07CD1261AD10C00309400;
			productRefGroup = 2AE07CDB261AD10C00309400 /* Products */;
			projectDirPath = "";
			projectRoot = "";
			targets = (
				2AE07CD9261AD10C00309400 /* CameraApp */,
				2AE07CEF261AD11000309400 /* CameraAppTests */,
				2AE07CFA261AD11000309400 /* CameraAppUITests */,
			);
		};
/* End PBXProject section */

/* Begin PBXResourcesBuildPhase section */
		2AE07CD8261AD10C00309400 /* Resources */ = {
			isa = PBXResourcesBuildPhase;
			buildActionMask = 2147483647;
			files = (
				2AE07CEA261AD11000309400 /* LaunchScreen.storyboard in Resources */,
				2AE07CE7261AD11000309400 /* Assets.xcassets in Resources */,
				2AE07CE5261AD10C00309400 /* Main.storyboard in Resources */,
			);
			runOnlyForDeploymentPostprocessing = 0;
		};
		2AE07CEE261AD11000309400 /* Resources */ = {
			isa = PBXResourcesBuildPhase;
			buildActionMask = 2147483647;
			files = (
			);
			runOnlyForDeploymentPostprocessing = 0;
		};
		2AE07CF9261AD11000309400 /* Resources */ = {
			isa = PBXResourcesBuildPhase;
			buildActionMask = 2147483647;
			files = (
			);
			runOnlyForDeploymentPostprocessing = 0;
		};
/* End PBXResourcesBuildPhase section */

/* Begin PBXSourcesBuildPhase section */
		2AE07CD6261AD10C00309400 /* Sources */ = {
			isa = PBXSourcesBuildPhase;
			buildActionMask = 2147483647;
			files = (
				2AE07CE2261AD10C00309400 /* ViewController.swift in Sources */,
				2AE07CDE261AD10C00309400 /* AppDelegate.swift in Sources */,
				2AE07CE0261AD10C00309400 /* SceneDelegate.swift in Sources */,
			);
			runOnlyForDeploymentPostprocessing = 0;
		};
		2AE07CEC261AD11000309400 /* Sources */ = {
			isa = PBXSourcesBuildPhase;
			buildActionMask = 2147483647;
			files = (
				2AE07CF5261AD11000309400 /* CameraAppTests.swift in Sources */,
			);
			runOnlyForDeploymentPostprocessing = 0;
		};
		2AE07CF7261AD11000309400 /* Sources */ = {
			isa = PBXSourcesBuildPhase;
			buildActionMask = 2147483647;
			files = (
				2AE07D00261AD11000309400 /* CameraAppUITests.swift in Sources */,
			);
			runOnlyForDeploymentPostprocessing = 0;
		};
/* End PBXSourcesBuildPhase section */

/* Begin PBXTargetDependency section */
		2AE07CF2261AD11000309400 /* PBXTargetDependency */ = {
			isa = PBXTargetDependency;
			target = 2AE07CD9261AD10C00309400 /* CameraApp */;
			targetProxy = 2AE07CF1261AD11000309400 /* PBXContainerItemProxy */;
		};
		2AE07CFD261AD11000309400 /* PBXTargetDependency */ = {
			isa = PBXTargetDependency;
			target = 2AE07CD9261AD10C00309400 /* CameraApp */;
			targetProxy = 2AE07CFC261AD11000309400 /* PBXContainerItemProxy */;
		};
/* End PBXTargetDependency section */

/* Begin PBXVariantGroup section */
		2AE07CE3261AD10C00309400 /* Main.storyboard */ = {
			isa = PBXVariantGroup;
			children = (
				2AE07CE4261AD10C00309400 /* Base */,
			);
			name = Main.storyboard;
			sourceTree = "<group>";
		};
		2AE07CE8261AD11000309400 /* LaunchScreen.storyboard */ = {
			isa = PBXVariantGroup;
			children = (
				2AE07CE9261AD11000309400 /* Base */,
			);
			name = LaunchScreen.storyboard;
			sourceTree = "<group>";
		};
/* End PBXVariantGroup section */

/* Begin XCBuildConfiguration section */
		2AE07D02261AD11000309400 /* Debug */ = {
			isa = XCBuildConfiguration;
			buildSettings = {
				ALWAYS_SEARCH_USER_PATHS = NO;
				CLANG_ANALYZER_NONNULL = YES;
				CLANG_ANALYZER_NUMBER_OBJECT_CONVERSION = YES_AGGRESSIVE;
				CLANG_CXX_LANGUAGE_STANDARD = "gnu++14";
				CLANG_CXX_LIBRARY = "libc++";
				CLANG_ENABLE_MODULES = YES;
				CLANG_ENABLE_OBJC_ARC = YES;
				CLANG_ENABLE_OBJC_WEAK = YES;
				CLANG_WARN_BLOCK_CAPTURE_AUTORELEASING = YES;
				CLANG_WARN_BOOL_CONVERSION = YES;
				CLANG_WARN_COMMA = YES;
				CLANG_WARN_CONSTANT_CONVERSION = YES;
				CLANG_WARN_DEPRECATED_OBJC_IMPLEMENTATIONS = YES;
				CLANG_WARN_DIRECT_OBJC_ISA_USAGE = YES_ERROR;
				CLANG_WARN_DOCUMENTATION_COMMENTS = YES;
				CLANG_WARN_EMPTY_BODY = YES;
				CLANG_WARN_ENUM_CONVERSION = YES;
				CLANG_WARN_INFINITE_RECURSION = YES;
				CLANG_WARN_INT_CONVERSION = YES;
				CLANG_WARN_NON_LITERAL_NULL_CONVERSION = YES;
				CLANG_WARN_OBJC_IMPLICIT_RETAIN_SELF = YES;
				CLANG_WARN_OBJC_LITERAL_CONVERSION = YES;
				CLANG_WARN_OBJC_ROOT_CLASS = YES_ERROR;
				CLANG_WARN_QUOTED_INCLUDE_IN_FRAMEWORK_HEADER = YES;
				CLANG_WARN_RANGE_LOOP_ANALYSIS = YES;
				CLANG_WARN_STRICT_PROTOTYPES = YES;
				CLANG_WARN_SUSPICIOUS_MOVE = YES;
				CLANG_WARN_UNGUARDED_AVAILABILITY = YES_AGGRESSIVE;
				CLANG_WARN_UNREACHABLE_CODE = YES;
				CLANG_WARN__DUPLICATE_METHOD_MATCH = YES;
				COPY_PHASE_STRIP = NO;
				DEBUG_INFORMATION_FORMAT = dwarf;
				ENABLE_STRICT_OBJC_MSGSEND = YES;
				ENABLE_TESTABILITY = YES;
				GCC_C_LANGUAGE_STANDARD = gnu11;
				GCC_DYNAMIC_NO_PIC = NO;
				GCC_NO_COMMON_BLOCKS = YES;
				GCC_OPTIMIZATION_LEVEL = 0;
				GCC_PREPROCESSOR_DEFINITIONS = (
					"DEBUG=1",
					"$(inherited)",
				);
				GCC_WARN_64_TO_32_BIT_CONVERSION = YES;
				GCC_WARN_ABOUT_RETURN_TYPE = YES_ERROR;
				GCC_WARN_UNDECLARED_SELECTOR = YES;
				GCC_WARN_UNINITIALIZED_AUTOS = YES_AGGRESSIVE;
				GCC_WARN_UNUSED_FUNCTION = YES;
				GCC_WARN_UNUSED_VARIABLE = YES;
				IPHONEOS_DEPLOYMENT_TARGET = 14.4;
				MTL_ENABLE_DEBUG_INFO = INCLUDE_SOURCE;
				MTL_FAST_MATH = YES;
				ONLY_ACTIVE_ARCH = YES;
				SDKROOT = iphoneos;
				SWIFT_ACTIVE_COMPILATION_CONDITIONS = DEBUG;
				SWIFT_OPTIMIZATION_LEVEL = "-Onone";
			};
			name = Debug;
		};
		2AE07D03261AD11000309400 /* Release */ = {
			isa = XCBuildConfiguration;
			buildSettings = {
				ALWAYS_SEARCH_USER_PATHS = NO;
				CLANG_ANALYZER_NONNULL = YES;
				CLANG_ANALYZER_NUMBER_OBJECT_CONVERSION = YES_AGGRESSIVE;
				CLANG_CXX_LANGUAGE_STANDARD = "gnu++14";
				CLANG_CXX_LIBRARY = "libc++";
				CLANG_ENABLE_MODULES = YES;
				CLANG_ENABLE_OBJC_ARC = YES;
				CLANG_ENABLE_OBJC_WEAK = YES;
				CLANG_WARN_BLOCK_CAPTURE_AUTORELEASING = YES;
				CLANG_WARN_BOOL_CONVERSION = YES;
				CLANG_WARN_COMMA = YES;
				CLANG_WARN_CONSTANT_CONVERSION = YES;
				CLANG_WARN_DEPRECATED_OBJC_IMPLEMENTATIONS = YES;
				CLANG_WARN_DIRECT_OBJC_ISA_USAGE = YES_ERROR;
				CLANG_WARN_DOCUMENTATION_COMMENTS = YES;
				CLANG_WARN_EMPTY_BODY = YES;
				CLANG_WARN_ENUM_CONVERSION = YES;
				CLANG_WARN_INFINITE_RECURSION = YES;
				CLANG_WARN_INT_CONVERSION = YES;
				CLANG_WARN_NON_LITERAL_NULL_CONVERSION = YES;
				CLANG_WARN_OBJC_IMPLICIT_RETAIN_SELF = YES;
				CLANG_WARN_OBJC_LITERAL_CONVERSION = YES;
				CLANG_WARN_OBJC_ROOT_CLASS = YES_ERROR;
				CLANG_WARN_QUOTED_INCLUDE_IN_FRAMEWORK_HEADER = YES;
				CLANG_WARN_RANGE_LOOP_ANALYSIS = YES;
				CLANG_WARN_STRICT_PROTOTYPES = YES;
				CLANG_WARN_SUSPICIOUS_MOVE = YES;
				CLANG_WARN_UNGUARDED_AVAILABILITY = YES_AGGRESSIVE;
				CLANG_WARN_UNREACHABLE_CODE = YES;
				CLANG_WARN__DUPLICATE_METHOD_MATCH = YES;
				COPY_PHASE_STRIP = NO;
				DEBUG_INFORMATION_FORMAT = "dwarf-with-dsym";
				ENABLE_NS_ASSERTIONS = NO;
				ENABLE_STRICT_OBJC_MSGSEND = YES;
				GCC_C_LANGUAGE_STANDARD = gnu11;
				GCC_NO_COMMON_BLOCKS = YES;
				GCC_WARN_64_TO_32_BIT_CONVERSION = YES;
				GCC_WARN_ABOUT_RETURN_TYPE = YES_ERROR;
				GCC_WARN_UNDECLARED_SELECTOR = YES;
				GCC_WARN_UNINITIALIZED_AUTOS = YES_AGGRESSIVE;
				GCC_WARN_UNUSED_FUNCTION = YES;
				GCC_WARN_UNUSED_VARIABLE = YES;
				IPHONEOS_DEPLOYMENT_TARGET = 14.4;
				MTL_ENABLE_DEBUG_INFO = NO;
				MTL_FAST_MATH = YES;
				SDKROOT = iphoneos;
				SWIFT_COMPILATION_MODE = wholemodule;
				SWIFT_OPTIMIZATION_LEVEL = "-O";
				VALIDATE_PRODUCT = YES;
			};
			name = Release;
		};
		2AE07D05261AD11000309400 /* Debug */ = {
			isa = XCBuildConfiguration;
			buildSettings = {
				ASSETCATALOG_COMPILER_APPICON_NAME = AppIcon;
				ASSETCATALOG_COMPILER_GLOBAL_ACCENT_COLOR_NAME = AccentColor;
				CODE_SIGN_STYLE = Automatic;
				DEVELOPMENT_TEAM = NM58RL3P2Y;
				INFOPLIST_FILE = CameraApp/Info.plist;
				LD_RUNPATH_SEARCH_PATHS = (
					"$(inherited)",
					"@executable_path/Frameworks",
				);
				PRODUCT_BUNDLE_IDENTIFIER = com.gmail.yuu99.331.CameraApp;
				PRODUCT_NAME = "$(TARGET_NAME)";
				SWIFT_VERSION = 5.0;
				TARGETED_DEVICE_FAMILY = "1,2";
			};
			name = Debug;
		};
		2AE07D06261AD11000309400 /* Release */ = {
			isa = XCBuildConfiguration;
			buildSettings = {
				ASSETCATALOG_COMPILER_APPICON_NAME = AppIcon;
				ASSETCATALOG_COMPILER_GLOBAL_ACCENT_COLOR_NAME = AccentColor;
				CODE_SIGN_STYLE = Automatic;
				DEVELOPMENT_TEAM = NM58RL3P2Y;
				INFOPLIST_FILE = CameraApp/Info.plist;
				LD_RUNPATH_SEARCH_PATHS = (
					"$(inherited)",
					"@executable_path/Frameworks",
				);
				PRODUCT_BUNDLE_IDENTIFIER = com.gmail.yuu99.331.CameraApp;
				PRODUCT_NAME = "$(TARGET_NAME)";
				SWIFT_VERSION = 5.0;
				TARGETED_DEVICE_FAMILY = "1,2";
			};
			name = Release;
		};
		2AE07D08261AD11000309400 /* Debug */ = {
			isa = XCBuildConfiguration;
			buildSettings = {
				ALWAYS_EMBED_SWIFT_STANDARD_LIBRARIES = YES;
				BUNDLE_LOADER = "$(TEST_HOST)";
				CODE_SIGN_STYLE = Automatic;
				INFOPLIST_FILE = CameraAppTests/Info.plist;
				IPHONEOS_DEPLOYMENT_TARGET = 14.4;
				LD_RUNPATH_SEARCH_PATHS = (
					"$(inherited)",
					"@executable_path/Frameworks",
					"@loader_path/Frameworks",
				);
				PRODUCT_BUNDLE_IDENTIFIER = com.gmail.yuu99.331.CameraAppTests;
				PRODUCT_NAME = "$(TARGET_NAME)";
				SWIFT_VERSION = 5.0;
				TARGETED_DEVICE_FAMILY = "1,2";
				TEST_HOST = "$(BUILT_PRODUCTS_DIR)/CameraApp.app/CameraApp";
			};
			name = Debug;
		};
		2AE07D09261AD11000309400 /* Release */ = {
			isa = XCBuildConfiguration;
			buildSettings = {
				ALWAYS_EMBED_SWIFT_STANDARD_LIBRARIES = YES;
				BUNDLE_LOADER = "$(TEST_HOST)";
				CODE_SIGN_STYLE = Automatic;
				INFOPLIST_FILE = CameraAppTests/Info.plist;
				IPHONEOS_DEPLOYMENT_TARGET = 14.4;
				LD_RUNPATH_SEARCH_PATHS = (
					"$(inherited)",
					"@executable_path/Frameworks",
					"@loader_path/Frameworks",
				);
				PRODUCT_BUNDLE_IDENTIFIER = com.gmail.yuu99.331.CameraAppTests;
				PRODUCT_NAME = "$(TARGET_NAME)";
				SWIFT_VERSION = 5.0;
				TARGETED_DEVICE_FAMILY = "1,2";
				TEST_HOST = "$(BUILT_PRODUCTS_DIR)/CameraApp.app/CameraApp";
			};
			name = Release;
		};
		2AE07D0B261AD11000309400 /* Debug */ = {
			isa = XCBuildConfiguration;
			buildSettings = {
				ALWAYS_EMBED_SWIFT_STANDARD_LIBRARIES = YES;
				CODE_SIGN_STYLE = Automatic;
				INFOPLIST_FILE = CameraAppUITests/Info.plist;
				LD_RUNPATH_SEARCH_PATHS = (
					"$(inherited)",
					"@executable_path/Frameworks",
					"@loader_path/Frameworks",
				);
				PRODUCT_BUNDLE_IDENTIFIER = com.gmail.yuu99.331.CameraAppUITests;
				PRODUCT_NAME = "$(TARGET_NAME)";
				SWIFT_VERSION = 5.0;
				TARGETED_DEVICE_FAMILY = "1,2";
				TEST_TARGET_NAME = CameraApp;
			};
			name = Debug;
		};
		2AE07D0C261AD11000309400 /* Release */ = {
			isa = XCBuildConfiguration;
			buildSettings = {
				ALWAYS_EMBED_SWIFT_STANDARD_LIBRARIES = YES;
				CODE_SIGN_STYLE = Automatic;
				INFOPLIST_FILE = CameraAppUITests/Info.plist;
				LD_RUNPATH_SEARCH_PATHS = (
					"$(inherited)",
					"@executable_path/Frameworks",
					"@loader_path/Frameworks",
				);
				PRODUCT_BUNDLE_IDENTIFIER = com.gmail.yuu99.331.CameraAppUITests;
				PRODUCT_NAME = "$(TARGET_NAME)";
				SWIFT_VERSION = 5.0;
				TARGETED_DEVICE_FAMILY = "1,2";
				TEST_TARGET_NAME = CameraApp;
			};
			name = Release;
		};
/* End XCBuildConfiguration section */

/* Begin XCConfigurationList section */
		2AE07CD5261AD10C00309400 /* Build configuration list for PBXProject "CameraApp" */ = {
			isa = XCConfigurationList;
			buildConfigurations = (
				2AE07D02261AD11000309400 /* Debug */,
				2AE07D03261AD11000309400 /* Release */,
			);
			defaultConfigurationIsVisible = 0;
			defaultConfigurationName = Release;
		};
		2AE07D04261AD11000309400 /* Build configuration list for PBXNativeTarget "CameraApp" */ = {
			isa = XCConfigurationList;
			buildConfigurations = (
				2AE07D05261AD11000309400 /* Debug */,
				2AE07D06261AD11000309400 /* Release */,
			);
			defaultConfigurationIsVisible = 0;
			defaultConfigurationName = Release;
		};
		2AE07D07261AD11000309400 /* Build configuration list for PBXNativeTarget "CameraAppTests" */ = {
			isa = XCConfigurationList;
			buildConfigurations = (
				2AE07D08261AD11000309400 /* Debug */,
				2AE07D09261AD11000309400 /* Release */,
			);
			defaultConfigurationIsVisible = 0;
			defaultConfigurationName = Release;
		};
		2AE07D0A261AD11000309400 /* Build configuration list for PBXNativeTarget "CameraAppUITests" */ = {
			isa = XCConfigurationList;
			buildConfigurations = (
				2AE07D0B261AD11000309400 /* Debug */,
				2AE07D0C261AD11000309400 /* Release */,
			);
			defaultConfigurationIsVisible = 0;
			defaultConfigurationName = Release;
		};
/* End XCConfigurationList section */
	};
	rootObject = 2AE07CD2261AD10C00309400 /* Project object */;
}
